{
  "name": "multicarousel",
  "version": "2.0.0",
  "lockfileVersion": 1,
  "requires": true,
  "dependencies": {
    "svelte": {
      "version": "2.16.1",
      "resolved": "https://registry.npmjs.org/svelte/-/svelte-2.16.1.tgz",
      "integrity": "sha512-TpXdfukSkmWkMnH6PPVm7FRW8SSFcTyqBiP+6VN8rtZJ7Lp1Xbf/e3oz73eQBxF0UPZw1aAn1b91lX2XTeD3zg==",
      "dev": true
    },
    "svelte-cli": {
      "version": "3.0.0",
      "resolved": "https://registry.npmjs.org/svelte-cli/-/svelte-cli-3.0.0.tgz",
      "integrity": "sha512-gVoro8uGfE2G3kigs8fQt6XyFRMxYRiKlMs6wgHqhNMkE0MQu47SxQmSc1lTzPq9XY/TJHLV3dbTkyZ9PLXy1A==",
      "dev": true,
      "requires": {
        "svelte": "^2.1.0"
      }
    }
  }
}
