{
  "name": "multicarousel",
  "version": "1.1.0",
  "lockfileVersion": 1,
  "requires": true,
  "dependencies": {
    "svelte": {
      "version": "2.15.3",
      "resolved": "https://registry.npmjs.org/svelte/-/svelte-2.15.3.tgz",
      "integrity": "sha512-0bKpXppM/YlPZ8F0mREaUYpE8Te11RvG62ttFr+n1U3G2qdr3cZzuXCnQMcVZukwAUJAjRM55OSH7FLmXnPGRA==",
      "dev": true
    },
    "svelte-cli": {
      "version": "3.0.0",
      "resolved": "https://registry.npmjs.org/svelte-cli/-/svelte-cli-3.0.0.tgz",
      "integrity": "sha512-gVoro8uGfE2G3kigs8fQt6XyFRMxYRiKlMs6wgHqhNMkE0MQu47SxQmSc1lTzPq9XY/TJHLV3dbTkyZ9PLXy1A==",
      "dev": true,
      "requires": {
        "svelte": "2.15.3"
      }
    }
  }
}
